
Microsoft Visual Studio Solution File, Format Version 12.00
<<<<<<< HEAD
# Visual Studio 15
VisualStudioVersion = 15.0.34526.175
=======
# Visual Studio Version 17
VisualStudioVersion = 17.2.32505.173
>>>>>>> 793b3619bd359a5629dcba2880eaececf60f6e6e
MinimumVisualStudioVersion = 10.0.40219.1
Project("{FAE04EC0-301F-11D3-BF4B-00C04F79EFBC}") = "DataFyr_Project", "DataFyr_Project.csproj", "{57D95E4A-9C36-4FF9-9626-0E303925CBDB}"
EndProject
Global
	GlobalSection(SolutionConfigurationPlatforms) = preSolution
		Debug|Any CPU = Debug|Any CPU
		Release|Any CPU = Release|Any CPU
	EndGlobalSection
	GlobalSection(ProjectConfigurationPlatforms) = postSolution
		{57D95E4A-9C36-4FF9-9626-0E303925CBDB}.Debug|Any CPU.ActiveCfg = Debug|Any CPU
		{57D95E4A-9C36-4FF9-9626-0E303925CBDB}.Debug|Any CPU.Build.0 = Debug|Any CPU
		{57D95E4A-9C36-4FF9-9626-0E303925CBDB}.Release|Any CPU.ActiveCfg = Release|Any CPU
		{57D95E4A-9C36-4FF9-9626-0E303925CBDB}.Release|Any CPU.Build.0 = Release|Any CPU
	EndGlobalSection
	GlobalSection(SolutionProperties) = preSolution
		HideSolutionNode = FALSE
	EndGlobalSection
	GlobalSection(ExtensibilityGlobals) = postSolution
<<<<<<< HEAD
		SolutionGuid = {9FB2F439-D3F7-41CA-B92C-FA79DC2AEB35}
=======
		SolutionGuid = {00F8D42E-D5A5-4188-AB42-7A0CA3994F4A}
>>>>>>> 793b3619bd359a5629dcba2880eaececf60f6e6e
	EndGlobalSection
EndGlobal
